// !$*UTF8*$!
{
	archiveVersion = 1;
	classes = {
	};
	objectVersion = 46;
	objects = {

/* Begin PBXBuildFile section */
		C6BC6C651A318C50002F21CD /* AppDelegate.swift in Sources */ = {isa = PBXBuildFile; fileRef = C6BC6C641A318C50002F21CD /* AppDelegate.swift */; };
		C6BC6C671A318C50002F21CD /* MasterViewController.swift in Sources */ = {isa = PBXBuildFile; fileRef = C6BC6C661A318C50002F21CD /* MasterViewController.swift */; };
		C6BC6C691A318C50002F21CD /* DetailViewController.swift in Sources */ = {isa = PBXBuildFile; fileRef = C6BC6C681A318C50002F21CD /* DetailViewController.swift */; };
		C6BC6C6C1A318C50002F21CD /* Main.storyboard in Resources */ = {isa = PBXBuildFile; fileRef = C6BC6C6A1A318C50002F21CD /* Main.storyboard */; };
		C6BC6C6E1A318C50002F21CD /* Images.xcassets in Resources */ = {isa = PBXBuildFile; fileRef = C6BC6C6D1A318C50002F21CD /* Images.xcassets */; };
		C6BC6C711A318C50002F21CD /* LaunchScreen.xib in Resources */ = {isa = PBXBuildFile; fileRef = C6BC6C6F1A318C50002F21CD /* LaunchScreen.xib */; };
		C6BC6C7D1A318C50002F21CD /* BallotBoxTests.swift in Sources */ = {isa = PBXBuildFile; fileRef = C6BC6C7C1A318C50002F21CD /* BallotBoxTests.swift */; };
/* End PBXBuildFile section */

/* Begin PBXContainerItemProxy section */
		C6BC6C771A318C50002F21CD /* PBXContainerItemProxy */ = {
			isa = PBXContainerItemProxy;
			containerPortal = C6BC6C571A318C50002F21CD /* Project object */;
			proxyType = 1;
			remoteGlobalIDString = C6BC6C5E1A318C50002F21CD;
			remoteInfo = BallotBox;
		};
/* End PBXContainerItemProxy section */

/* Begin PBXFileReference section */
		C6BC6C5F1A318C50002F21CD /* BallotBox.app */ = {isa = PBXFileReference; explicitFileType = wrapper.application; includeInIndex = 0; path = BallotBox.app; sourceTree = BUILT_PRODUCTS_DIR; };
		C6BC6C631A318C50002F21CD /* Info.plist */ = {isa = PBXFileReference; lastKnownFileType = text.plist.xml; path = Info.plist; sourceTree = "<group>"; };
		C6BC6C641A318C50002F21CD /* AppDelegate.swift */ = {isa = PBXFileReference; lastKnownFileType = sourcecode.swift; path = AppDelegate.swift; sourceTree = "<group>"; };
		C6BC6C661A318C50002F21CD /* MasterViewController.swift */ = {isa = PBXFileReference; lastKnownFileType = sourcecode.swift; path = MasterViewController.swift; sourceTree = "<group>"; };
		C6BC6C681A318C50002F21CD /* DetailViewController.swift */ = {isa = PBXFileReference; lastKnownFileType = sourcecode.swift; path = DetailViewController.swift; sourceTree = "<group>"; };
		C6BC6C6B1A318C50002F21CD /* Base */ = {isa = PBXFileReference; lastKnownFileType = file.storyboard; name = Base; path = Base.lproj/Main.storyboard; sourceTree = "<group>"; };
		C6BC6C6D1A318C50002F21CD /* Images.xcassets */ = {isa = PBXFileReference; lastKnownFileType = folder.assetcatalog; path = Images.xcassets; sourceTree = "<group>"; };
		C6BC6C701A318C50002F21CD /* Base */ = {isa = PBXFileReference; lastKnownFileType = file.xib; name = Base; path = Base.lproj/LaunchScreen.xib; sourceTree = "<group>"; };
		C6BC6C761A318C50002F21CD /* BallotBoxTests.xctest */ = {isa = PBXFileReference; explicitFileType = wrapper.cfbundle; includeInIndex = 0; path = BallotBoxTests.xctest; sourceTree = BUILT_PRODUCTS_DIR; };
		C6BC6C7B1A318C50002F21CD /* Info.plist */ = {isa = PBXFileReference; lastKnownFileType = text.plist.xml; path = Info.plist; sourceTree = "<group>"; };
		C6BC6C7C1A318C50002F21CD /* BallotBoxTests.swift */ = {isa = PBXFileReference; lastKnownFileType = sourcecode.swift; path = BallotBoxTests.swift; sourceTree = "<group>"; };
/* End PBXFileReference section */

/* Begin PBXFrameworksBuildPhase section */
		C6BC6C5C1A318C50002F21CD /* Frameworks */ = {
			isa = PBXFrameworksBuildPhase;
			buildActionMask = 2147483647;
			files = (
			);
			runOnlyForDeploymentPostprocessing = 0;
		};
		C6BC6C731A318C50002F21CD /* Frameworks */ = {
			isa = PBXFrameworksBuildPhase;
			buildActionMask = 2147483647;
			files = (
			);
			runOnlyForDeploymentPostprocessing = 0;
		};
/* End PBXFrameworksBuildPhase section */

/* Begin PBXGroup section */
		C6BC6C561A318C50002F21CD = {
			isa = PBXGroup;
			children = (
				C6BC6C611A318C50002F21CD /* BallotBox */,
				C6BC6C791A318C50002F21CD /* BallotBoxTests */,
				C6BC6C601A318C50002F21CD /* Products */,
			);
			sourceTree = "<group>";
		};
		C6BC6C601A318C50002F21CD /* Products */ = {
			isa = PBXGroup;
			children = (
				C6BC6C5F1A318C50002F21CD /* BallotBox.app */,
				C6BC6C761A318C50002F21CD /* BallotBoxTests.xctest */,
			);
			name = Products;
			sourceTree = "<group>";
		};
		C6BC6C611A318C50002F21CD /* BallotBox */ = {
			isa = PBXGroup;
			children = (
				C6BC6C641A318C50002F21CD /* AppDelegate.swift */,
				C6BC6C661A318C50002F21CD /* MasterViewController.swift */,
				C6BC6C681A318C50002F21CD /* DetailViewController.swift */,
				C6BC6C6A1A318C50002F21CD /* Main.storyboard */,
				C6BC6C6D1A318C50002F21CD /* Images.xcassets */,
				C6BC6C6F1A318C50002F21CD /* LaunchScreen.xib */,
				C6BC6C621A318C50002F21CD /* Supporting Files */,
			);
			path = BallotBox;
			sourceTree = "<group>";
		};
		C6BC6C621A318C50002F21CD /* Supporting Files */ = {
			isa = PBXGroup;
			children = (
				C6BC6C631A318C50002F21CD /* Info.plist */,
			);
			name = "Supporting Files";
			sourceTree = "<group>";
		};
		C6BC6C791A318C50002F21CD /* BallotBoxTests */ = {
			isa = PBXGroup;
			children = (
				C6BC6C7C1A318C50002F21CD /* BallotBoxTests.swift */,
				C6BC6C7A1A318C50002F21CD /* Supporting Files */,
			);
			path = BallotBoxTests;
			sourceTree = "<group>";
		};
		C6BC6C7A1A318C50002F21CD /* Supporting Files */ = {
			isa = PBXGroup;
			children = (
				C6BC6C7B1A318C50002F21CD /* Info.plist */,
			);
			name = "Supporting Files";
			sourceTree = "<group>";
		};
/* End PBXGroup section */

/* Begin PBXNativeTarget section */
		C6BC6C5E1A318C50002F21CD /* BallotBox */ = {
			isa = PBXNativeTarget;
			buildConfigurationList = C6BC6C801A318C51002F21CD /* Build configuration list for PBXNativeTarget "BallotBox" */;
			buildPhases = (
				C6BC6C5B1A318C50002F21CD /* Sources */,
				C6BC6C5C1A318C50002F21CD /* Frameworks */,
				C6BC6C5D1A318C50002F21CD /* Resources */,
			);
			buildRules = (
			);
			dependencies = (
			);
			name = BallotBox;
			productName = BallotBox;
			productReference = C6BC6C5F1A318C50002F21CD /* BallotBox.app */;
			productType = "com.apple.product-type.application";
		};
		C6BC6C751A318C50002F21CD /* BallotBoxTests */ = {
			isa = PBXNativeTarget;
			buildConfigurationList = C6BC6C831A318C51002F21CD /* Build configuration list for PBXNativeTarget "BallotBoxTests" */;
			buildPhases = (
				C6BC6C721A318C50002F21CD /* Sources */,
				C6BC6C731A318C50002F21CD /* Frameworks */,
				C6BC6C741A318C50002F21CD /* Resources */,
			);
			buildRules = (
			);
			dependencies = (
				C6BC6C781A318C50002F21CD /* PBXTargetDependency */,
			);
			name = BallotBoxTests;
			productName = BallotBoxTests;
			productReference = C6BC6C761A318C50002F21CD /* BallotBoxTests.xctest */;
			productType = "com.apple.product-type.bundle.unit-test";
		};
/* End PBXNativeTarget section */

/* Begin PBXProject section */
		C6BC6C571A318C50002F21CD /* Project object */ = {
			isa = PBXProject;
			attributes = {
				LastUpgradeCheck = 0610;
				ORGANIZATIONNAME = BallotBox;
				TargetAttributes = {
					C6BC6C5E1A318C50002F21CD = {
						CreatedOnToolsVersion = 6.1.1;
					};
					C6BC6C751A318C50002F21CD = {
						CreatedOnToolsVersion = 6.1.1;
						TestTargetID = C6BC6C5E1A318C50002F21CD;
					};
				};
			};
			buildConfigurationList = C6BC6C5A1A318C50002F21CD /* Build configuration list for PBXProject "BallotBox" */;
			compatibilityVersion = "Xcode 3.2";
			developmentRegion = English;
			hasScannedForEncodings = 0;
			knownRegions = (
				en,
				Base,
			);
			mainGroup = C6BC6C561A318C50002F21CD;
			productRefGroup = C6BC6C601A318C50002F21CD /* Products */;
			projectDirPath = "";
			projectRoot = "";
			targets = (
				C6BC6C5E1A318C50002F21CD /* BallotBox */,
				C6BC6C751A318C50002F21CD /* BallotBoxTests */,
			);
		};
/* End PBXProject section */

/* Begin PBXResourcesBuildPhase section */
		C6BC6C5D1A318C50002F21CD /* Resources */ = {
			isa = PBXResourcesBuildPhase;
			buildActionMask = 2147483647;
			files = (
				C6BC6C6C1A318C50002F21CD /* Main.storyboard in Resources */,
				C6BC6C711A318C50002F21CD /* LaunchScreen.xib in Resources */,
				C6BC6C6E1A318C50002F21CD /* Images.xcassets in Resources */,
			);
			runOnlyForDeploymentPostprocessing = 0;
		};
		C6BC6C741A318C50002F21CD /* Resources */ = {
			isa = PBXResourcesBuildPhase;
			buildActionMask = 2147483647;
			files = (
			);
			runOnlyForDeploymentPostprocessing = 0;
		};
/* End PBXResourcesBuildPhase section */

/* Begin PBXSourcesBuildPhase section */
		C6BC6C5B1A318C50002F21CD /* Sources */ = {
			isa = PBXSourcesBuildPhase;
			buildActionMask = 2147483647;
			files = (
				C6BC6C691A318C50002F21CD /* DetailViewController.swift in Sources */,
				C6BC6C671A318C50002F21CD /* MasterViewController.swift in Sources */,
				C6BC6C651A318C50002F21CD /* AppDelegate.swift in Sources */,
			);
			runOnlyForDeploymentPostprocessing = 0;
		};
		C6BC6C721A318C50002F21CD /* Sources */ = {
			isa = PBXSourcesBuildPhase;
			buildActionMask = 2147483647;
			files = (
				C6BC6C7D1A318C50002F21CD /* BallotBoxTests.swift in Sources */,
			);
			runOnlyForDeploymentPostprocessing = 0;
		};
/* End PBXSourcesBuildPhase section */

/* Begin PBXTargetDependency section */
		C6BC6C781A318C50002F21CD /* PBXTargetDependency */ = {
			isa = PBXTargetDependency;
			target = C6BC6C5E1A318C50002F21CD /* BallotBox */;
			targetProxy = C6BC6C771A318C50002F21CD /* PBXContainerItemProxy */;
		};
/* End PBXTargetDependency section */

/* Begin PBXVariantGroup section */
		C6BC6C6A1A318C50002F21CD /* Main.storyboard */ = {
			isa = PBXVariantGroup;
			children = (
				C6BC6C6B1A318C50002F21CD /* Base */,
			);
			name = Main.storyboard;
			sourceTree = "<group>";
		};
		C6BC6C6F1A318C50002F21CD /* LaunchScreen.xib */ = {
			isa = PBXVariantGroup;
			children = (
				C6BC6C701A318C50002F21CD /* Base */,
			);
			name = LaunchScreen.xib;
			sourceTree = "<group>";
		};
/* End PBXVariantGroup section */

/* Begin XCBuildConfiguration section */
		C6BC6C7E1A318C51002F21CD /* Debug */ = {
			isa = XCBuildConfiguration;
			buildSettings = {
				ALWAYS_SEARCH_USER_PATHS = NO;
				CLANG_CXX_LANGUAGE_STANDARD = "gnu++0x";
				CLANG_CXX_LIBRARY = "libc++";
				CLANG_ENABLE_MODULES = YES;
				CLANG_ENABLE_OBJC_ARC = YES;
				CLANG_WARN_BOOL_CONVERSION = YES;
				CLANG_WARN_CONSTANT_CONVERSION = YES;
				CLANG_WARN_DIRECT_OBJC_ISA_USAGE = YES_ERROR;
				CLANG_WARN_EMPTY_BODY = YES;
				CLANG_WARN_ENUM_CONVERSION = YES;
				CLANG_WARN_INT_CONVERSION = YES;
				CLANG_WARN_OBJC_ROOT_CLASS = YES_ERROR;
				CLANG_WARN_UNREACHABLE_CODE = YES;
				CLANG_WARN__DUPLICATE_METHOD_MATCH = YES;
				"CODE_SIGN_IDENTITY[sdk=iphoneos*]" = "iPhone Developer";
				COPY_PHASE_STRIP = NO;
				ENABLE_STRICT_OBJC_MSGSEND = YES;
				GCC_C_LANGUAGE_STANDARD = gnu99;
				GCC_DYNAMIC_NO_PIC = NO;
				GCC_OPTIMIZATION_LEVEL = 0;
				GCC_PREPROCESSOR_DEFINITIONS = (
					"DEBUG=1",
					"$(inherited)",
				);
				GCC_SYMBOLS_PRIVATE_EXTERN = NO;
				GCC_WARN_64_TO_32_BIT_CONVERSION = YES;
				GCC_WARN_ABOUT_RETURN_TYPE = YES_ERROR;
				GCC_WARN_UNDECLARED_SELECTOR = YES;
				GCC_WARN_UNINITIALIZED_AUTOS = YES_AGGRESSIVE;
				GCC_WARN_UNUSED_FUNCTION = YES;
				GCC_WARN_UNUSED_VARIABLE = YES;
				IPHONEOS_DEPLOYMENT_TARGET = 8.1;
				MTL_ENABLE_DEBUG_INFO = YES;
				ONLY_ACTIVE_ARCH = YES;
				SDKROOT = iphoneos;
				SWIFT_OPTIMIZATION_LEVEL = "-Onone";
			};
			name = Debug;
		};
		C6BC6C7F1A318C51002F21CD /* Release */ = {
			isa = XCBuildConfiguration;
			buildSettings = {
				ALWAYS_SEARCH_USER_PATHS = NO;
				CLANG_CXX_LANGUAGE_STANDARD = "gnu++0x";
				CLANG_CXX_LIBRARY = "libc++";
				CLANG_ENABLE_MODULES = YES;
				CLANG_ENABLE_OBJC_ARC = YES;
				CLANG_WARN_BOOL_CONVERSION = YES;
				CLANG_WARN_CONSTANT_CONVERSION = YES;
				CLANG_WARN_DIRECT_OBJC_ISA_USAGE = YES_ERROR;
				CLANG_WARN_EMPTY_BODY = YES;
				CLANG_WARN_ENUM_CONVERSION = YES;
				CLANG_WARN_INT_CONVERSION = YES;
				CLANG_WARN_OBJC_ROOT_CLASS = YES_ERROR;
				CLANG_WARN_UNREACHABLE_CODE = YES;
				CLANG_WARN__DUPLICATE_METHOD_MATCH = YES;
				"CODE_SIGN_IDENTITY[sdk=iphoneos*]" = "iPhone Developer";
				COPY_PHASE_STRIP = YES;
				ENABLE_NS_ASSERTIONS = NO;
				ENABLE_STRICT_OBJC_MSGSEND = YES;
				GCC_C_LANGUAGE_STANDARD = gnu99;
				GCC_WARN_64_TO_32_BIT_CONVERSION = YES;
				GCC_WARN_ABOUT_RETURN_TYPE = YES_ERROR;
				GCC_WARN_UNDECLARED_SELECTOR = YES;
				GCC_WARN_UNINITIALIZED_AUTOS = YES_AGGRESSIVE;
				GCC_WARN_UNUSED_FUNCTION = YES;
				GCC_WARN_UNUSED_VARIABLE = YES;
				IPHONEOS_DEPLOYMENT_TARGET = 8.1;
				MTL_ENABLE_DEBUG_INFO = NO;
				SDKROOT = iphoneos;
				VALIDATE_PRODUCT = YES;
			};
			name = Release;
		};
		C6BC6C811A318C51002F21CD /* Debug */ = {
			isa = XCBuildConfiguration;
			buildSettings = {
				ASSETCATALOG_COMPILER_APPICON_NAME = AppIcon;
				INFOPLIST_FILE = BallotBox/Info.plist;
				LD_RUNPATH_SEARCH_PATHS = "$(inherited) @executable_path/Frameworks";
				PRODUCT_NAME = "$(TARGET_NAME)";
				TARGETED_DEVICE_FAMILY = 1;
			};
			name = Debug;
		};
		C6BC6C821A318C51002F21CD /* Release */ = {
			isa = XCBuildConfiguration;
			buildSettings = {
				ASSETCATALOG_COMPILER_APPICON_NAME = AppIcon;
				INFOPLIST_FILE = BallotBox/Info.plist;
				LD_RUNPATH_SEARCH_PATHS = "$(inherited) @executable_path/Frameworks";
				PRODUCT_NAME = "$(TARGET_NAME)";
				TARGETED_DEVICE_FAMILY = 1;
			};
			name = Release;
		};
		C6BC6C841A318C51002F21CD /* Debug */ = {
			isa = XCBuildConfiguration;
			buildSettings = {
				BUNDLE_LOADER = "$(TEST_HOST)";
				FRAMEWORK_SEARCH_PATHS = (
					"$(SDKROOT)/Developer/Library/Frameworks",
					"$(inherited)",
				);
				GCC_PREPROCESSOR_DEFINITIONS = (
					"DEBUG=1",
					"$(inherited)",
				);
				INFOPLIST_FILE = BallotBoxTests/Info.plist;
				LD_RUNPATH_SEARCH_PATHS = "$(inherited) @executable_path/Frameworks @loader_path/Frameworks";
				PRODUCT_NAME = "$(TARGET_NAME)";
				TEST_HOST = "$(BUILT_PRODUCTS_DIR)/BallotBox.app/BallotBox";
			};
			name = Debug;
		};
		C6BC6C851A318C51002F21CD /* Release */ = {
			isa = XCBuildConfiguration;
			buildSettings = {
				BUNDLE_LOADER = "$(TEST_HOST)";
				FRAMEWORK_SEARCH_PATHS = (
					"$(SDKROOT)/Developer/Library/Frameworks",
					"$(inherited)",
				);
				INFOPLIST_FILE = BallotBoxTests/Info.plist;
				LD_RUNPATH_SEARCH_PATHS = "$(inherited) @executable_path/Frameworks @loader_path/Frameworks";
				PRODUCT_NAME = "$(TARGET_NAME)";
				TEST_HOST = "$(BUILT_PRODUCTS_DIR)/BallotBox.app/BallotBox";
			};
			name = Release;
		};
/* End XCBuildConfiguration section */

/* Begin XCConfigurationList section */
		C6BC6C5A1A318C50002F21CD /* Build configuration list for PBXProject "BallotBox" */ = {
			isa = XCConfigurationList;
			buildConfigurations = (
				C6BC6C7E1A318C51002F21CD /* Debug */,
				C6BC6C7F1A318C51002F21CD /* Release */,
			);
			defaultConfigurationIsVisible = 0;
			defaultConfigurationName = Release;
		};
		C6BC6C801A318C51002F21CD /* Build configuration list for PBXNativeTarget "BallotBox" */ = {
			isa = XCConfigurationList;
			buildConfigurations = (
				C6BC6C811A318C51002F21CD /* Debug */,
				C6BC6C821A318C51002F21CD /* Release */,
			);
			defaultConfigurationIsVisible = 0;
			defaultConfigurationName = Release;
		};
		C6BC6C831A318C51002F21CD /* Build configuration list for PBXNativeTarget "BallotBoxTests" */ = {
			isa = XCConfigurationList;
			buildConfigurations = (
				C6BC6C841A318C51002F21CD /* Debug */,
				C6BC6C851A318C51002F21CD /* Release */,
			);
			defaultConfigurationIsVisible = 0;
			defaultConfigurationName = Release;
		};
/* End XCConfigurationList section */
	};
	rootObject = C6BC6C571A318C50002F21CD /* Project object */;
}
